
Microsoft Visual Studio Solution File, Format Version 12.00
# Visual Studio 15
VisualStudioVersion = 15.0.26730.3
MinimumVisualStudioVersion = 10.0.40219.1
Project("{FAE04EC0-301F-11D3-BF4B-00C04F79EFBC}") = "Game1", "Game1\Game1.csproj", "{E6863E4C-3B4A-4F2A-B8B7-5AC96B89D502}"
EndProject
Global
	GlobalSection(SolutionConfigurationPlatforms) = preSolution
		Debug|Any CPU = Debug|Any CPU
		Release|Any CPU = Release|Any CPU
	EndGlobalSection
	GlobalSection(ProjectConfigurationPlatforms) = postSolution
		{E6863E4C-3B4A-4F2A-B8B7-5AC96B89D502}.Debug|Any CPU.ActiveCfg = Debug|Any CPU
		{E6863E4C-3B4A-4F2A-B8B7-5AC96B89D502}.Debug|Any CPU.Build.0 = Debug|Any CPU
		{E6863E4C-3B4A-4F2A-B8B7-5AC96B89D502}.Release|Any CPU.ActiveCfg = Release|Any CPU
		{E6863E4C-3B4A-4F2A-B8B7-5AC96B89D502}.Release|Any CPU.Build.0 = Release|Any CPU
	EndGlobalSection
	GlobalSection(SolutionProperties) = preSolution
		HideSolutionNode = FALSE
	EndGlobalSection
	GlobalSection(ExtensibilityGlobals) = postSolution
		SolutionGuid = {3A989496-A770-4538-BBFC-83AB3CDF6958}
	EndGlobalSection
EndGlobal
